
Microsoft Visual Studio Solution File, Format Version 12.00
# Visual Studio Version 16
VisualStudioVersion = 16.0.31624.102
MinimumVisualStudioVersion = 10.0.40219.1
Project("{2150E333-8FDC-42A3-9474-1A3956D46DE8}") = "BanffProcedures", "BanffProcedures", "{3B3FBC5D-0731-4CBF-9DEB-E4761D3B49B3}"
EndProject
Project("{8BC9CEB8-8B4A-11D0-8D11-00A0C91BC942}") = "BanffAPI", "Libraries\BanffAPI\BanffAPI.vcxproj", "{659451AA-A4D3-45FD-8E26-AF23AD8F9FA8}"
EndProject
Project("{8BC9CEB8-8B4A-11D0-8D11-00A0C91BC942}") = "donorimputation", "procedures\DonorImputation\donorimputation.vcxproj", "{D8E28297-3D3E-4DA1-8E13-DA3F9154E493}"
	ProjectSection(ProjectDependencies) = postProject
		{9955AC03-6181-4015-BF99-DD9E2A4F0F46} = {9955AC03-6181-4015-BF99-DD9E2A4F0F46}
		{52D32A12-6BB1-4665-88E7-F9C949AE4573} = {52D32A12-6BB1-4665-88E7-F9C949AE4573}
		{D0E7156F-14A8-4CC1-BB5A-D9394F346BF9} = {D0E7156F-14A8-4CC1-BB5A-D9394F346BF9}
		{659451AA-A4D3-45FD-8E26-AF23AD8F9FA8} = {659451AA-A4D3-45FD-8E26-AF23AD8F9FA8}
		{262F53EA-5B84-4F6D-9931-546E88A1FD17} = {262F53EA-5B84-4F6D-9931-546E88A1FD17}
	EndProjectSection
EndProject
Project("{2150E333-8FDC-42A3-9474-1A3956D46DE8}") = "BanffHeaderFiles", "BanffHeaderFiles", "{884CE54D-0406-4942-803D-81393C0C2F8A}"
	ProjectSection(SolutionItems) = preProject
		procedures\BanffHeaderFiles\BanffIdentifiers.h = procedures\BanffHeaderFiles\BanffIdentifiers.h
		procedures\BanffHeaderFiles\MessageBanff.h = procedures\BanffHeaderFiles\MessageBanff.h
		procedures\BanffHeaderFiles\MessageBanff_en.h = procedures\BanffHeaderFiles\MessageBanff_en.h
		procedures\BanffHeaderFiles\MessageBanff_fr.h = procedures\BanffHeaderFiles\MessageBanff_fr.h
	EndProjectSection
EndProject
Project("{8BC9CEB8-8B4A-11D0-8D11-00A0C91BC942}") = "deterministic", "procedures\deterministic\deterministic.vcxproj", "{A35C310D-AA63-4F49-9568-16E19827D8FC}"
	ProjectSection(ProjectDependencies) = postProject
		{9955AC03-6181-4015-BF99-DD9E2A4F0F46} = {9955AC03-6181-4015-BF99-DD9E2A4F0F46}
		{52D32A12-6BB1-4665-88E7-F9C949AE4573} = {52D32A12-6BB1-4665-88E7-F9C949AE4573}
		{D0E7156F-14A8-4CC1-BB5A-D9394F346BF9} = {D0E7156F-14A8-4CC1-BB5A-D9394F346BF9}
		{659451AA-A4D3-45FD-8E26-AF23AD8F9FA8} = {659451AA-A4D3-45FD-8E26-AF23AD8F9FA8}
		{262F53EA-5B84-4F6D-9931-546E88A1FD17} = {262F53EA-5B84-4F6D-9931-546E88A1FD17}
	EndProjectSection
EndProject
Project("{8BC9CEB8-8B4A-11D0-8D11-00A0C91BC942}") = "editstats", "procedures\editstats\editstats.vcxproj", "{A64551A0-779C-4740-99DD-C9E9E73A7E2C}"
	ProjectSection(ProjectDependencies) = postProject
		{9955AC03-6181-4015-BF99-DD9E2A4F0F46} = {9955AC03-6181-4015-BF99-DD9E2A4F0F46}
		{52D32A12-6BB1-4665-88E7-F9C949AE4573} = {52D32A12-6BB1-4665-88E7-F9C949AE4573}
		{D0E7156F-14A8-4CC1-BB5A-D9394F346BF9} = {D0E7156F-14A8-4CC1-BB5A-D9394F346BF9}
		{659451AA-A4D3-45FD-8E26-AF23AD8F9FA8} = {659451AA-A4D3-45FD-8E26-AF23AD8F9FA8}
		{262F53EA-5B84-4F6D-9931-546E88A1FD17} = {262F53EA-5B84-4F6D-9931-546E88A1FD17}
	EndProjectSection
EndProject
Project("{8BC9CEB8-8B4A-11D0-8D11-00A0C91BC942}") = "errorloc", "procedures\Errorloc\errorloc.vcxproj", "{4FE491BA-6C46-4045-83CA-2846FE33875A}"
	ProjectSection(ProjectDependencies) = postProject
		{9955AC03-6181-4015-BF99-DD9E2A4F0F46} = {9955AC03-6181-4015-BF99-DD9E2A4F0F46}
		{52D32A12-6BB1-4665-88E7-F9C949AE4573} = {52D32A12-6BB1-4665-88E7-F9C949AE4573}
		{D0E7156F-14A8-4CC1-BB5A-D9394F346BF9} = {D0E7156F-14A8-4CC1-BB5A-D9394F346BF9}
		{659451AA-A4D3-45FD-8E26-AF23AD8F9FA8} = {659451AA-A4D3-45FD-8E26-AF23AD8F9FA8}
		{262F53EA-5B84-4F6D-9931-546E88A1FD17} = {262F53EA-5B84-4F6D-9931-546E88A1FD17}
	EndProjectSection
EndProject
Project("{8BC9CEB8-8B4A-11D0-8D11-00A0C91BC942}") = "estimator", "procedures\estimator\estimator.vcxproj", "{161B76CA-D9CC-49DB-A03E-0FF16AB20529}"
	ProjectSection(ProjectDependencies) = postProject
		{9955AC03-6181-4015-BF99-DD9E2A4F0F46} = {9955AC03-6181-4015-BF99-DD9E2A4F0F46}
		{52D32A12-6BB1-4665-88E7-F9C949AE4573} = {52D32A12-6BB1-4665-88E7-F9C949AE4573}
		{D0E7156F-14A8-4CC1-BB5A-D9394F346BF9} = {D0E7156F-14A8-4CC1-BB5A-D9394F346BF9}
		{659451AA-A4D3-45FD-8E26-AF23AD8F9FA8} = {659451AA-A4D3-45FD-8E26-AF23AD8F9FA8}
		{262F53EA-5B84-4F6D-9931-546E88A1FD17} = {262F53EA-5B84-4F6D-9931-546E88A1FD17}
	EndProjectSection
EndProject
Project("{8BC9CEB8-8B4A-11D0-8D11-00A0C91BC942}") = "massimputation", "procedures\massimputation\massimputation.vcxproj", "{70032D3D-E0AD-434F-B8DC-42CA516FD938}"
	ProjectSection(ProjectDependencies) = postProject
		{9955AC03-6181-4015-BF99-DD9E2A4F0F46} = {9955AC03-6181-4015-BF99-DD9E2A4F0F46}
		{52D32A12-6BB1-4665-88E7-F9C949AE4573} = {52D32A12-6BB1-4665-88E7-F9C949AE4573}
		{D0E7156F-14A8-4CC1-BB5A-D9394F346BF9} = {D0E7156F-14A8-4CC1-BB5A-D9394F346BF9}
		{659451AA-A4D3-45FD-8E26-AF23AD8F9FA8} = {659451AA-A4D3-45FD-8E26-AF23AD8F9FA8}
		{262F53EA-5B84-4F6D-9931-546E88A1FD17} = {262F53EA-5B84-4F6D-9931-546E88A1FD17}
	EndProjectSection
EndProject
Project("{8BC9CEB8-8B4A-11D0-8D11-00A0C91BC942}") = "outlier", "procedures\outlier\outlier.vcxproj", "{4F78286D-1B16-426C-AE19-949F47BD7A65}"
	ProjectSection(ProjectDependencies) = postProject
		{9955AC03-6181-4015-BF99-DD9E2A4F0F46} = {9955AC03-6181-4015-BF99-DD9E2A4F0F46}
		{52D32A12-6BB1-4665-88E7-F9C949AE4573} = {52D32A12-6BB1-4665-88E7-F9C949AE4573}
		{D0E7156F-14A8-4CC1-BB5A-D9394F346BF9} = {D0E7156F-14A8-4CC1-BB5A-D9394F346BF9}
		{659451AA-A4D3-45FD-8E26-AF23AD8F9FA8} = {659451AA-A4D3-45FD-8E26-AF23AD8F9FA8}
		{262F53EA-5B84-4F6D-9931-546E88A1FD17} = {262F53EA-5B84-4F6D-9931-546E88A1FD17}
	EndProjectSection
EndProject
Project("{8BC9CEB8-8B4A-11D0-8D11-00A0C91BC942}") = "prorate", "procedures\prorate\prorate.vcxproj", "{F70016FC-E19E-4B67-8203-496A97CC4459}"
	ProjectSection(ProjectDependencies) = postProject
		{9955AC03-6181-4015-BF99-DD9E2A4F0F46} = {9955AC03-6181-4015-BF99-DD9E2A4F0F46}
		{52D32A12-6BB1-4665-88E7-F9C949AE4573} = {52D32A12-6BB1-4665-88E7-F9C949AE4573}
		{D0E7156F-14A8-4CC1-BB5A-D9394F346BF9} = {D0E7156F-14A8-4CC1-BB5A-D9394F346BF9}
		{659451AA-A4D3-45FD-8E26-AF23AD8F9FA8} = {659451AA-A4D3-45FD-8E26-AF23AD8F9FA8}
		{262F53EA-5B84-4F6D-9931-546E88A1FD17} = {262F53EA-5B84-4F6D-9931-546E88A1FD17}
	EndProjectSection
EndProject
Project("{8BC9CEB8-8B4A-11D0-8D11-00A0C91BC942}") = "verifyedits", "procedures\verifyedits\verifyedits.vcxproj", "{322E9A04-F714-4243-87BD-128C1BD8DE62}"
	ProjectSection(ProjectDependencies) = postProject
		{9955AC03-6181-4015-BF99-DD9E2A4F0F46} = {9955AC03-6181-4015-BF99-DD9E2A4F0F46}
		{52D32A12-6BB1-4665-88E7-F9C949AE4573} = {52D32A12-6BB1-4665-88E7-F9C949AE4573}
		{D0E7156F-14A8-4CC1-BB5A-D9394F346BF9} = {D0E7156F-14A8-4CC1-BB5A-D9394F346BF9}
		{659451AA-A4D3-45FD-8E26-AF23AD8F9FA8} = {659451AA-A4D3-45FD-8E26-AF23AD8F9FA8}
		{262F53EA-5B84-4F6D-9931-546E88A1FD17} = {262F53EA-5B84-4F6D-9931-546E88A1FD17}
	EndProjectSection
EndProject
Project("{2150E333-8FDC-42A3-9474-1A3956D46DE8}") = "Libraries", "Libraries", "{20073020-BE6E-4D60-AD77-CF38EBB8C613}"
EndProject
Project("{8BC9CEB8-8B4A-11D0-8D11-00A0C91BC942}") = "CommonAPI", "Libraries\CommonAPI\CommonAPI.vcxproj", "{D0E7156F-14A8-4CC1-BB5A-D9394F346BF9}"
EndProject
Project("{8BC9CEB8-8B4A-11D0-8D11-00A0C91BC942}") = "glpk", "Libraries\glpk\glpk.vcxproj", "{52D32A12-6BB1-4665-88E7-F9C949AE4573}"
EndProject
Project("{8BC9CEB8-8B4A-11D0-8D11-00A0C91BC942}") = "LPInterface", "Libraries\LPInterface\LPInterface.vcxproj", "{262F53EA-5B84-4F6D-9931-546E88A1FD17}"
	ProjectSection(ProjectDependencies) = postProject
		{52D32A12-6BB1-4665-88E7-F9C949AE4573} = {52D32A12-6BB1-4665-88E7-F9C949AE4573}
	EndProjectSection
EndProject
Project("{8BC9CEB8-8B4A-11D0-8D11-00A0C91BC942}") = "IOUtilities", "libraries\IOUtilities\IOUtilities.vcxproj", "{9955AC03-6181-4015-BF99-DD9E2A4F0F46}"
EndProject
Project("{2150E333-8FDC-42A3-9474-1A3956D46DE8}") = "proc_common", "proc_common", "{02B8E7ED-6EA7-45DF-A53D-871DFF0BC96C}"
	ProjectSection(SolutionItems) = preProject
		procedures\proc_common\proc_common.c = procedures\proc_common\proc_common.c
		procedures\proc_common\proc_common.h = procedures\proc_common\proc_common.h
	EndProjectSection
EndProject
Global
	GlobalSection(SolutionConfigurationPlatforms) = preSolution
		debug_en|x64 = debug_en|x64
		release_en|x64 = release_en|x64
		release_fr|x64 = release_fr|x64
	EndGlobalSection
	GlobalSection(ProjectConfigurationPlatforms) = postSolution
		{659451AA-A4D3-45FD-8E26-AF23AD8F9FA8}.debug_en|x64.ActiveCfg = debug_en|x64
		{659451AA-A4D3-45FD-8E26-AF23AD8F9FA8}.debug_en|x64.Build.0 = debug_en|x64
		{659451AA-A4D3-45FD-8E26-AF23AD8F9FA8}.release_en|x64.ActiveCfg = release_en|x64
		{659451AA-A4D3-45FD-8E26-AF23AD8F9FA8}.release_en|x64.Build.0 = release_en|x64
		{659451AA-A4D3-45FD-8E26-AF23AD8F9FA8}.release_fr|x64.ActiveCfg = release_fr|x64
		{659451AA-A4D3-45FD-8E26-AF23AD8F9FA8}.release_fr|x64.Build.0 = release_fr|x64
		{D8E28297-3D3E-4DA1-8E13-DA3F9154E493}.debug_en|x64.ActiveCfg = debug_en|x64
		{D8E28297-3D3E-4DA1-8E13-DA3F9154E493}.debug_en|x64.Build.0 = debug_en|x64
		{D8E28297-3D3E-4DA1-8E13-DA3F9154E493}.release_en|x64.ActiveCfg = release_en|x64
		{D8E28297-3D3E-4DA1-8E13-DA3F9154E493}.release_en|x64.Build.0 = release_en|x64
		{D8E28297-3D3E-4DA1-8E13-DA3F9154E493}.release_fr|x64.ActiveCfg = release_fr|x64
		{D8E28297-3D3E-4DA1-8E13-DA3F9154E493}.release_fr|x64.Build.0 = release_fr|x64
		{A35C310D-AA63-4F49-9568-16E19827D8FC}.debug_en|x64.ActiveCfg = debug_en|x64
		{A35C310D-AA63-4F49-9568-16E19827D8FC}.debug_en|x64.Build.0 = debug_en|x64
		{A35C310D-AA63-4F49-9568-16E19827D8FC}.release_en|x64.ActiveCfg = release_en|x64
		{A35C310D-AA63-4F49-9568-16E19827D8FC}.release_en|x64.Build.0 = release_en|x64
		{A35C310D-AA63-4F49-9568-16E19827D8FC}.release_fr|x64.ActiveCfg = release_fr|x64
		{A35C310D-AA63-4F49-9568-16E19827D8FC}.release_fr|x64.Build.0 = release_fr|x64
		{A64551A0-779C-4740-99DD-C9E9E73A7E2C}.debug_en|x64.ActiveCfg = debug_en|x64
		{A64551A0-779C-4740-99DD-C9E9E73A7E2C}.debug_en|x64.Build.0 = debug_en|x64
		{A64551A0-779C-4740-99DD-C9E9E73A7E2C}.release_en|x64.ActiveCfg = release_en|x64
		{A64551A0-779C-4740-99DD-C9E9E73A7E2C}.release_en|x64.Build.0 = release_en|x64
		{A64551A0-779C-4740-99DD-C9E9E73A7E2C}.release_fr|x64.ActiveCfg = release_fr|x64
		{A64551A0-779C-4740-99DD-C9E9E73A7E2C}.release_fr|x64.Build.0 = release_fr|x64
		{4FE491BA-6C46-4045-83CA-2846FE33875A}.debug_en|x64.ActiveCfg = debug_en|x64
		{4FE491BA-6C46-4045-83CA-2846FE33875A}.debug_en|x64.Build.0 = debug_en|x64
		{4FE491BA-6C46-4045-83CA-2846FE33875A}.release_en|x64.ActiveCfg = release_en|x64
		{4FE491BA-6C46-4045-83CA-2846FE33875A}.release_en|x64.Build.0 = release_en|x64
		{4FE491BA-6C46-4045-83CA-2846FE33875A}.release_fr|x64.ActiveCfg = release_fr|x64
		{4FE491BA-6C46-4045-83CA-2846FE33875A}.release_fr|x64.Build.0 = release_fr|x64
		{161B76CA-D9CC-49DB-A03E-0FF16AB20529}.debug_en|x64.ActiveCfg = debug_en|x64
		{161B76CA-D9CC-49DB-A03E-0FF16AB20529}.debug_en|x64.Build.0 = debug_en|x64
		{161B76CA-D9CC-49DB-A03E-0FF16AB20529}.release_en|x64.ActiveCfg = release_en|x64
		{161B76CA-D9CC-49DB-A03E-0FF16AB20529}.release_en|x64.Build.0 = release_en|x64
		{161B76CA-D9CC-49DB-A03E-0FF16AB20529}.release_fr|x64.ActiveCfg = release_fr|x64
		{161B76CA-D9CC-49DB-A03E-0FF16AB20529}.release_fr|x64.Build.0 = release_fr|x64
		{70032D3D-E0AD-434F-B8DC-42CA516FD938}.debug_en|x64.ActiveCfg = debug_en|x64
		{70032D3D-E0AD-434F-B8DC-42CA516FD938}.debug_en|x64.Build.0 = debug_en|x64
		{70032D3D-E0AD-434F-B8DC-42CA516FD938}.release_en|x64.ActiveCfg = release_en|x64
		{70032D3D-E0AD-434F-B8DC-42CA516FD938}.release_en|x64.Build.0 = release_en|x64
		{70032D3D-E0AD-434F-B8DC-42CA516FD938}.release_fr|x64.ActiveCfg = release_fr|x64
		{70032D3D-E0AD-434F-B8DC-42CA516FD938}.release_fr|x64.Build.0 = release_fr|x64
		{4F78286D-1B16-426C-AE19-949F47BD7A65}.debug_en|x64.ActiveCfg = debug_en|x64
		{4F78286D-1B16-426C-AE19-949F47BD7A65}.debug_en|x64.Build.0 = debug_en|x64
		{4F78286D-1B16-426C-AE19-949F47BD7A65}.release_en|x64.ActiveCfg = release_en|x64
		{4F78286D-1B16-426C-AE19-949F47BD7A65}.release_en|x64.Build.0 = release_en|x64
		{4F78286D-1B16-426C-AE19-949F47BD7A65}.release_fr|x64.ActiveCfg = release_fr|x64
		{4F78286D-1B16-426C-AE19-949F47BD7A65}.release_fr|x64.Build.0 = release_fr|x64
		{F70016FC-E19E-4B67-8203-496A97CC4459}.debug_en|x64.ActiveCfg = debug_en|x64
		{F70016FC-E19E-4B67-8203-496A97CC4459}.debug_en|x64.Build.0 = debug_en|x64
		{F70016FC-E19E-4B67-8203-496A97CC4459}.release_en|x64.ActiveCfg = release_en|x64
		{F70016FC-E19E-4B67-8203-496A97CC4459}.release_en|x64.Build.0 = release_en|x64
		{F70016FC-E19E-4B67-8203-496A97CC4459}.release_fr|x64.ActiveCfg = release_fr|x64
		{F70016FC-E19E-4B67-8203-496A97CC4459}.release_fr|x64.Build.0 = release_fr|x64
		{322E9A04-F714-4243-87BD-128C1BD8DE62}.debug_en|x64.ActiveCfg = debug_en|x64
		{322E9A04-F714-4243-87BD-128C1BD8DE62}.debug_en|x64.Build.0 = debug_en|x64
		{322E9A04-F714-4243-87BD-128C1BD8DE62}.release_en|x64.ActiveCfg = release_en|x64
		{322E9A04-F714-4243-87BD-128C1BD8DE62}.release_en|x64.Build.0 = release_en|x64
		{322E9A04-F714-4243-87BD-128C1BD8DE62}.release_fr|x64.ActiveCfg = release_fr|x64
		{322E9A04-F714-4243-87BD-128C1BD8DE62}.release_fr|x64.Build.0 = release_fr|x64
		{D0E7156F-14A8-4CC1-BB5A-D9394F346BF9}.debug_en|x64.ActiveCfg = Debug|x64
		{D0E7156F-14A8-4CC1-BB5A-D9394F346BF9}.debug_en|x64.Build.0 = Debug|x64
		{D0E7156F-14A8-4CC1-BB5A-D9394F346BF9}.release_en|x64.ActiveCfg = STCE|x64
		{D0E7156F-14A8-4CC1-BB5A-D9394F346BF9}.release_en|x64.Build.0 = STCE|x64
		{D0E7156F-14A8-4CC1-BB5A-D9394F346BF9}.release_fr|x64.ActiveCfg = STCF|x64
		{D0E7156F-14A8-4CC1-BB5A-D9394F346BF9}.release_fr|x64.Build.0 = STCF|x64
		{52D32A12-6BB1-4665-88E7-F9C949AE4573}.debug_en|x64.ActiveCfg = Debug|x64
		{52D32A12-6BB1-4665-88E7-F9C949AE4573}.debug_en|x64.Build.0 = Debug|x64
		{52D32A12-6BB1-4665-88E7-F9C949AE4573}.release_en|x64.ActiveCfg = Release|x64
		{52D32A12-6BB1-4665-88E7-F9C949AE4573}.release_en|x64.Build.0 = Release|x64
		{52D32A12-6BB1-4665-88E7-F9C949AE4573}.release_fr|x64.ActiveCfg = Release|x64
		{52D32A12-6BB1-4665-88E7-F9C949AE4573}.release_fr|x64.Build.0 = Release|x64
		{262F53EA-5B84-4F6D-9931-546E88A1FD17}.debug_en|x64.ActiveCfg = Debug|x64
		{262F53EA-5B84-4F6D-9931-546E88A1FD17}.debug_en|x64.Build.0 = Debug|x64
		{262F53EA-5B84-4F6D-9931-546E88A1FD17}.release_en|x64.ActiveCfg = STCE|x64
		{262F53EA-5B84-4F6D-9931-546E88A1FD17}.release_en|x64.Build.0 = STCE|x64
		{262F53EA-5B84-4F6D-9931-546E88A1FD17}.release_fr|x64.ActiveCfg = STCF|x64
		{262F53EA-5B84-4F6D-9931-546E88A1FD17}.release_fr|x64.Build.0 = STCF|x64
		{9955AC03-6181-4015-BF99-DD9E2A4F0F46}.debug_en|x64.ActiveCfg = debug_en|x64
		{9955AC03-6181-4015-BF99-DD9E2A4F0F46}.debug_en|x64.Build.0 = debug_en|x64
		{9955AC03-6181-4015-BF99-DD9E2A4F0F46}.release_en|x64.ActiveCfg = release_en|x64
		{9955AC03-6181-4015-BF99-DD9E2A4F0F46}.release_en|x64.Build.0 = release_en|x64
		{9955AC03-6181-4015-BF99-DD9E2A4F0F46}.release_fr|x64.ActiveCfg = release_fr|x64
		{9955AC03-6181-4015-BF99-DD9E2A4F0F46}.release_fr|x64.Build.0 = release_fr|x64
	EndGlobalSection
	GlobalSection(SolutionProperties) = preSolution
		HideSolutionNode = FALSE
	EndGlobalSection
	GlobalSection(NestedProjects) = preSolution
		{659451AA-A4D3-45FD-8E26-AF23AD8F9FA8} = {20073020-BE6E-4D60-AD77-CF38EBB8C613}
		{D8E28297-3D3E-4DA1-8E13-DA3F9154E493} = {3B3FBC5D-0731-4CBF-9DEB-E4761D3B49B3}
		{A35C310D-AA63-4F49-9568-16E19827D8FC} = {3B3FBC5D-0731-4CBF-9DEB-E4761D3B49B3}
		{A64551A0-779C-4740-99DD-C9E9E73A7E2C} = {3B3FBC5D-0731-4CBF-9DEB-E4761D3B49B3}
		{4FE491BA-6C46-4045-83CA-2846FE33875A} = {3B3FBC5D-0731-4CBF-9DEB-E4761D3B49B3}
		{161B76CA-D9CC-49DB-A03E-0FF16AB20529} = {3B3FBC5D-0731-4CBF-9DEB-E4761D3B49B3}
		{70032D3D-E0AD-434F-B8DC-42CA516FD938} = {3B3FBC5D-0731-4CBF-9DEB-E4761D3B49B3}
		{4F78286D-1B16-426C-AE19-949F47BD7A65} = {3B3FBC5D-0731-4CBF-9DEB-E4761D3B49B3}
		{F70016FC-E19E-4B67-8203-496A97CC4459} = {3B3FBC5D-0731-4CBF-9DEB-E4761D3B49B3}
		{322E9A04-F714-4243-87BD-128C1BD8DE62} = {3B3FBC5D-0731-4CBF-9DEB-E4761D3B49B3}
		{D0E7156F-14A8-4CC1-BB5A-D9394F346BF9} = {20073020-BE6E-4D60-AD77-CF38EBB8C613}
		{52D32A12-6BB1-4665-88E7-F9C949AE4573} = {20073020-BE6E-4D60-AD77-CF38EBB8C613}
		{262F53EA-5B84-4F6D-9931-546E88A1FD17} = {20073020-BE6E-4D60-AD77-CF38EBB8C613}
		{9955AC03-6181-4015-BF99-DD9E2A4F0F46} = {20073020-BE6E-4D60-AD77-CF38EBB8C613}
		{02B8E7ED-6EA7-45DF-A53D-871DFF0BC96C} = {3B3FBC5D-0731-4CBF-9DEB-E4761D3B49B3}
	EndGlobalSection
	GlobalSection(ExtensibilityGlobals) = postSolution
		SolutionGuid = {A57D4E28-8605-479E-82AC-E246A9023477}
	EndGlobalSection
EndGlobal
