<?xml version="1.0" encoding="utf-8"?>
<Project ToolsVersion="4.0" xmlns="http://schemas.microsoft.com/developer/msbuild/2003">
  <ItemGroup>
    <Filter Include="Source Files">
      <UniqueIdentifier>{4FC737F1-C7A5-4376-A066-2A32D752A2FF}</UniqueIdentifier>
      <Extensions>cpp;c;cc;cxx;def;odl;idl;hpj;bat;asm;asmx</Extensions>
    </Filter>
    <Filter Include="Header Files">
      <UniqueIdentifier>{93995380-89BD-4b04-88EB-625FBE52EBFB}</UniqueIdentifier>
      <Extensions>h;hpp;hxx;hm;inl;inc;xsd</Extensions>
    </Filter>
  </ItemGroup>
  <ItemGroup>
    <ClInclude Include="$(SRC_DIR_glpk)\amd\amd.h">
      <Filter>Header Files</Filter>
    </ClInclude>
    <ClInclude Include="$(SRC_DIR_glpk)\amd\amd_internal.h">
      <Filter>Header Files</Filter>
    </ClInclude>
    <ClInclude Include="$(SRC_DIR_glpk)\avl.h">
      <Filter>Header Files</Filter>
    </ClInclude>
    <ClInclude Include="$(SRC_DIR_glpk)\bfd.h">
      <Filter>Header Files</Filter>
    </ClInclude>
    <ClInclude Include="$(SRC_DIR_glpk)\bflib\fhv.h">
      <Filter>Header Files</Filter>
    </ClInclude>
    <ClInclude Include="$(SRC_DIR_glpk)\bflib\fhvint.h">
      <Filter>Header Files</Filter>
    </ClInclude>
    <ClInclude Include="$(SRC_DIR_glpk)\bflib\ifu.h">
      <Filter>Header Files</Filter>
    </ClInclude>
    <ClInclude Include="$(SRC_DIR_glpk)\bflib\luf.h">
      <Filter>Header Files</Filter>
    </ClInclude>
    <ClInclude Include="$(SRC_DIR_glpk)\bflib\lufint.h">
      <Filter>Header Files</Filter>
    </ClInclude>
    <ClInclude Include="$(SRC_DIR_glpk)\bflib\sgf.h">
      <Filter>Header Files</Filter>
    </ClInclude>
    <ClInclude Include="$(SRC_DIR_glpk)\bflib\sva.h">
      <Filter>Header Files</Filter>
    </ClInclude>
    <ClInclude Include="$(SRC_DIR_glpk)\bfx.h">
      <Filter>Header Files</Filter>
    </ClInclude>
    <ClInclude Include="$(SRC_DIR_glpk)\cglib\cfg.h">
      <Filter>Header Files</Filter>
    </ClInclude>
    <ClInclude Include="$(SRC_DIR_glpk)\colamd\colamd.h">
      <Filter>Header Files</Filter>
    </ClInclude>
    <ClInclude Include="$(SRC_DIR_glpk)\draft.h">
      <Filter>Header Files</Filter>
    </ClInclude>
    <ClInclude Include="$(SRC_DIR_glpk)\env\env.h">
      <Filter>Header Files</Filter>
    </ClInclude>
    <ClInclude Include="$(SRC_DIR_glpk)\env\stdc.h">
      <Filter>Header Files</Filter>
    </ClInclude>
    <ClInclude Include="$(SRC_DIR_glpk)\glpgmp.h">
      <Filter>Header Files</Filter>
    </ClInclude>
    <ClInclude Include="$(SRC_DIR_glpk)\glphbm.h">
      <Filter>Header Files</Filter>
    </ClInclude>
    <ClInclude Include="$(SRC_DIR_glpk)\glpios.h">
      <Filter>Header Files</Filter>
    </ClInclude>
    <ClInclude Include="$(SRC_DIR_glpk)\glpipm.h">
      <Filter>Header Files</Filter>
    </ClInclude>
    <ClInclude Include="$(SRC_DIR_glpk)\glpk.h">
      <Filter>Header Files</Filter>
    </ClInclude>
    <ClInclude Include="$(SRC_DIR_glpk)\glplpf.h">
      <Filter>Header Files</Filter>
    </ClInclude>
    <ClInclude Include="$(SRC_DIR_glpk)\glpmat.h">
      <Filter>Header Files</Filter>
    </ClInclude>
    <ClInclude Include="$(SRC_DIR_glpk)\glpmpl.h">
      <Filter>Header Files</Filter>
    </ClInclude>
    <ClInclude Include="$(SRC_DIR_glpk)\glpnpp.h">
      <Filter>Header Files</Filter>
    </ClInclude>
    <ClInclude Include="$(SRC_DIR_glpk)\glprgr.h">
      <Filter>Header Files</Filter>
    </ClInclude>
    <ClInclude Include="$(SRC_DIR_glpk)\glpsdf.h">
      <Filter>Header Files</Filter>
    </ClInclude>
    <ClInclude Include="$(SRC_DIR_glpk)\glpspm.h">
      <Filter>Header Files</Filter>
    </ClInclude>
    <ClInclude Include="$(SRC_DIR_glpk)\glpspx.h">
      <Filter>Header Files</Filter>
    </ClInclude>
    <ClInclude Include="$(SRC_DIR_glpk)\glpsql.h">
      <Filter>Header Files</Filter>
    </ClInclude>
    <ClInclude Include="$(SRC_DIR_glpk)\glpssx.h">
      <Filter>Header Files</Filter>
    </ClInclude>
    <ClInclude Include="$(SRC_DIR_glpk)\glptsp.h">
      <Filter>Header Files</Filter>
    </ClInclude>
    <ClInclude Include="$(SRC_DIR_glpk)\inftrees.h">
      <Filter>Header Files</Filter>
    </ClInclude>
    <ClInclude Include="$(SRC_DIR_glpk)\lpx.h">
      <Filter>Header Files</Filter>
    </ClInclude>
    <ClInclude Include="$(SRC_DIR_glpk)\lux.h">
      <Filter>Header Files</Filter>
    </ClInclude>
    <ClInclude Include="$(SRC_DIR_glpk)\minisat\minisat.h">
      <Filter>Header Files</Filter>
    </ClInclude>
    <ClInclude Include="$(SRC_DIR_glpk)\misc\bignum.h">
      <Filter>Header Files</Filter>
    </ClInclude>
    <ClInclude Include="$(SRC_DIR_glpk)\misc\dmp.h">
      <Filter>Header Files</Filter>
    </ClInclude>
    <ClInclude Include="$(SRC_DIR_glpk)\misc\ffalg.h">
      <Filter>Header Files</Filter>
    </ClInclude>
    <ClInclude Include="$(SRC_DIR_glpk)\misc\jd.h">
      <Filter>Header Files</Filter>
    </ClInclude>
    <ClInclude Include="$(SRC_DIR_glpk)\misc\keller.h">
      <Filter>Header Files</Filter>
    </ClInclude>
    <ClInclude Include="$(SRC_DIR_glpk)\misc\mc13d.h">
      <Filter>Header Files</Filter>
    </ClInclude>
    <ClInclude Include="$(SRC_DIR_glpk)\misc\mc21a.h">
      <Filter>Header Files</Filter>
    </ClInclude>
    <ClInclude Include="$(SRC_DIR_glpk)\misc\misc.h">
      <Filter>Header Files</Filter>
    </ClInclude>
    <ClInclude Include="$(SRC_DIR_glpk)\misc\okalg.h">
      <Filter>Header Files</Filter>
    </ClInclude>
    <ClInclude Include="$(SRC_DIR_glpk)\misc\qmd.h">
      <Filter>Header Files</Filter>
    </ClInclude>
    <ClInclude Include="$(SRC_DIR_glpk)\misc\relax4.h">
      <Filter>Header Files</Filter>
    </ClInclude>
    <ClInclude Include="$(SRC_DIR_glpk)\misc\rng.h">
      <Filter>Header Files</Filter>
    </ClInclude>
    <ClInclude Include="$(SRC_DIR_glpk)\misc\triang.h">
      <Filter>Header Files</Filter>
    </ClInclude>
    <ClInclude Include="$(SRC_DIR_glpk)\misc\wclique.h">
      <Filter>Header Files</Filter>
    </ClInclude>
    <ClInclude Include="$(SRC_DIR_glpk)\misc\wclique1.h">
      <Filter>Header Files</Filter>
    </ClInclude>
    <ClInclude Include="$(SRC_DIR_glpk)\prob.h">
      <Filter>Header Files</Filter>
    </ClInclude>
    <ClInclude Include="$(SRC_DIR_glpk)\proxy\proxy.h">
      <Filter>Header Files</Filter>
    </ClInclude>
    <ClInclude Include="$(SRC_DIR_glpk)\zlib\crc32.h">
      <Filter>Header Files</Filter>
    </ClInclude>
    <ClInclude Include="$(SRC_DIR_glpk)\zlib\deflate.h">
      <Filter>Header Files</Filter>
    </ClInclude>
    <ClInclude Include="$(SRC_DIR_glpk)\zlib\gzguts.h">
      <Filter>Header Files</Filter>
    </ClInclude>
    <ClInclude Include="$(SRC_DIR_glpk)\zlib\inffast.h">
      <Filter>Header Files</Filter>
    </ClInclude>
    <ClInclude Include="$(SRC_DIR_glpk)\zlib\inffixed.h">
      <Filter>Header Files</Filter>
    </ClInclude>
    <ClInclude Include="$(SRC_DIR_glpk)\zlib\inflate.h">
      <Filter>Header Files</Filter>
    </ClInclude>
    <ClInclude Include="$(SRC_DIR_glpk)\zlib\inftrees.h">
      <Filter>Header Files</Filter>
    </ClInclude>
    <ClInclude Include="$(SRC_DIR_glpk)\zlib\trees.h">
      <Filter>Header Files</Filter>
    </ClInclude>
    <ClInclude Include="$(SRC_DIR_glpk)\zlib\zconf.h">
      <Filter>Header Files</Filter>
    </ClInclude>
    <ClInclude Include="$(SRC_DIR_glpk)\zlib\zio.h">
      <Filter>Header Files</Filter>
    </ClInclude>
    <ClInclude Include="$(SRC_DIR_glpk)\zlib\zlib.h">
      <Filter>Header Files</Filter>
    </ClInclude>
    <ClInclude Include="$(SRC_DIR_glpk)\zlib\zutil.h">
      <Filter>Header Files</Filter>
    </ClInclude>
  </ItemGroup>
  <ItemGroup>
    <ClCompile Include="$(SRC_DIR_glpk)\amd\amd_1.c">
      <Filter>Source Files</Filter>
    </ClCompile>
    <ClCompile Include="$(SRC_DIR_glpk)\amd\amd_2.c">
      <Filter>Source Files</Filter>
    </ClCompile>
    <ClCompile Include="$(SRC_DIR_glpk)\amd\amd_aat.c">
      <Filter>Source Files</Filter>
    </ClCompile>
    <ClCompile Include="$(SRC_DIR_glpk)\amd\amd_control.c">
      <Filter>Source Files</Filter>
    </ClCompile>
    <ClCompile Include="$(SRC_DIR_glpk)\amd\amd_defaults.c">
      <Filter>Source Files</Filter>
    </ClCompile>
    <ClCompile Include="$(SRC_DIR_glpk)\amd\amd_dump.c">
      <Filter>Source Files</Filter>
    </ClCompile>
    <ClCompile Include="$(SRC_DIR_glpk)\amd\amd_info.c">
      <Filter>Source Files</Filter>
    </ClCompile>
    <ClCompile Include="$(SRC_DIR_glpk)\amd\amd_order.c">
      <Filter>Source Files</Filter>
    </ClCompile>
    <ClCompile Include="$(SRC_DIR_glpk)\amd\amd_postorder.c">
      <Filter>Source Files</Filter>
    </ClCompile>
    <ClCompile Include="$(SRC_DIR_glpk)\amd\amd_post_tree.c">
      <Filter>Source Files</Filter>
    </ClCompile>
    <ClCompile Include="$(SRC_DIR_glpk)\amd\amd_preprocess.c">
      <Filter>Source Files</Filter>
    </ClCompile>
    <ClCompile Include="$(SRC_DIR_glpk)\amd\amd_valid.c">
      <Filter>Source Files</Filter>
    </ClCompile>
    <ClCompile Include="$(SRC_DIR_glpk)\avl.c">
      <Filter>Source Files</Filter>
    </ClCompile>
    <ClCompile Include="$(SRC_DIR_glpk)\bfd.c">
      <Filter>Source Files</Filter>
    </ClCompile>
    <ClCompile Include="$(SRC_DIR_glpk)\bflib\fhv.c">
      <Filter>Source Files</Filter>
    </ClCompile>
    <ClCompile Include="$(SRC_DIR_glpk)\bflib\fhvint.c">
      <Filter>Source Files</Filter>
    </ClCompile>
    <ClCompile Include="$(SRC_DIR_glpk)\bflib\ifu.c">
      <Filter>Source Files</Filter>
    </ClCompile>
    <ClCompile Include="$(SRC_DIR_glpk)\bflib\luf.c">
      <Filter>Source Files</Filter>
    </ClCompile>
    <ClCompile Include="$(SRC_DIR_glpk)\bflib\lufint.c">
      <Filter>Source Files</Filter>
    </ClCompile>
    <ClCompile Include="$(SRC_DIR_glpk)\bflib\sgf.c">
      <Filter>Source Files</Filter>
    </ClCompile>
    <ClCompile Include="$(SRC_DIR_glpk)\bflib\sva.c">
      <Filter>Source Files</Filter>
    </ClCompile>
    <ClCompile Include="$(SRC_DIR_glpk)\bfx.c">
      <Filter>Source Files</Filter>
    </ClCompile>
    <ClCompile Include="$(SRC_DIR_glpk)\cglib\cfg.c">
      <Filter>Source Files</Filter>
    </ClCompile>
    <ClCompile Include="$(SRC_DIR_glpk)\cglib\cfg1.c">
      <Filter>Source Files</Filter>
    </ClCompile>
    <ClCompile Include="$(SRC_DIR_glpk)\colamd\colamd.c">
      <Filter>Source Files</Filter>
    </ClCompile>
    <ClCompile Include="$(SRC_DIR_glpk)\env\alloc.c">
      <Filter>Source Files</Filter>
    </ClCompile>
    <ClCompile Include="$(SRC_DIR_glpk)\env\dlsup.c">
      <Filter>Source Files</Filter>
    </ClCompile>
    <ClCompile Include="$(SRC_DIR_glpk)\env\env.c">
      <Filter>Source Files</Filter>
    </ClCompile>
    <ClCompile Include="$(SRC_DIR_glpk)\env\error.c">
      <Filter>Source Files</Filter>
    </ClCompile>
    <ClCompile Include="$(SRC_DIR_glpk)\env\stdout.c">
      <Filter>Source Files</Filter>
    </ClCompile>
    <ClCompile Include="$(SRC_DIR_glpk)\env\stream.c">
      <Filter>Source Files</Filter>
    </ClCompile>
    <ClCompile Include="$(SRC_DIR_glpk)\env\time.c">
      <Filter>Source Files</Filter>
    </ClCompile>
    <ClCompile Include="$(SRC_DIR_glpk)\env\tls.c">
      <Filter>Source Files</Filter>
    </ClCompile>
    <ClCompile Include="$(SRC_DIR_glpk)\glpapi01.c">
      <Filter>Source Files</Filter>
    </ClCompile>
    <ClCompile Include="$(SRC_DIR_glpk)\glpapi02.c">
      <Filter>Source Files</Filter>
    </ClCompile>
    <ClCompile Include="$(SRC_DIR_glpk)\glpapi03.c">
      <Filter>Source Files</Filter>
    </ClCompile>
    <ClCompile Include="$(SRC_DIR_glpk)\glpapi04.c">
      <Filter>Source Files</Filter>
    </ClCompile>
    <ClCompile Include="$(SRC_DIR_glpk)\glpapi05.c">
      <Filter>Source Files</Filter>
    </ClCompile>
    <ClCompile Include="$(SRC_DIR_glpk)\glpapi06.c">
      <Filter>Source Files</Filter>
    </ClCompile>
    <ClCompile Include="$(SRC_DIR_glpk)\glpapi07.c">
      <Filter>Source Files</Filter>
    </ClCompile>
    <ClCompile Include="$(SRC_DIR_glpk)\glpapi08.c">
      <Filter>Source Files</Filter>
    </ClCompile>
    <ClCompile Include="$(SRC_DIR_glpk)\glpapi09.c">
      <Filter>Source Files</Filter>
    </ClCompile>
    <ClCompile Include="$(SRC_DIR_glpk)\glpapi10.c">
      <Filter>Source Files</Filter>
    </ClCompile>
    <ClCompile Include="$(SRC_DIR_glpk)\glpapi11.c">
      <Filter>Source Files</Filter>
    </ClCompile>
    <ClCompile Include="$(SRC_DIR_glpk)\glpapi12.c">
      <Filter>Source Files</Filter>
    </ClCompile>
    <ClCompile Include="$(SRC_DIR_glpk)\glpapi13.c">
      <Filter>Source Files</Filter>
    </ClCompile>
    <ClCompile Include="$(SRC_DIR_glpk)\glpapi14.c">
      <Filter>Source Files</Filter>
    </ClCompile>
    <ClCompile Include="$(SRC_DIR_glpk)\glpapi15.c">
      <Filter>Source Files</Filter>
    </ClCompile>
    <ClCompile Include="$(SRC_DIR_glpk)\glpapi16.c">
      <Filter>Source Files</Filter>
    </ClCompile>
    <ClCompile Include="$(SRC_DIR_glpk)\glpapi17.c">
      <Filter>Source Files</Filter>
    </ClCompile>
    <ClCompile Include="$(SRC_DIR_glpk)\glpapi18.c">
      <Filter>Source Files</Filter>
    </ClCompile>
    <ClCompile Include="$(SRC_DIR_glpk)\glpapi19.c">
      <Filter>Source Files</Filter>
    </ClCompile>
    <ClCompile Include="$(SRC_DIR_glpk)\glpapi20.c">
      <Filter>Source Files</Filter>
    </ClCompile>
    <ClCompile Include="$(SRC_DIR_glpk)\glpapi21.c">
      <Filter>Source Files</Filter>
    </ClCompile>
    <ClCompile Include="$(SRC_DIR_glpk)\glpcpx.c">
      <Filter>Source Files</Filter>
    </ClCompile>
    <ClCompile Include="$(SRC_DIR_glpk)\glpdmx.c">
      <Filter>Source Files</Filter>
    </ClCompile>
    <ClCompile Include="$(SRC_DIR_glpk)\glpgmp.c">
      <Filter>Source Files</Filter>
    </ClCompile>
    <ClCompile Include="$(SRC_DIR_glpk)\glphbm.c">
      <Filter>Source Files</Filter>
    </ClCompile>
    <ClCompile Include="$(SRC_DIR_glpk)\glpini01.c">
      <Filter>Source Files</Filter>
    </ClCompile>
    <ClCompile Include="$(SRC_DIR_glpk)\glpini02.c">
      <Filter>Source Files</Filter>
    </ClCompile>
    <ClCompile Include="$(SRC_DIR_glpk)\glpios01.c">
      <Filter>Source Files</Filter>
    </ClCompile>
    <ClCompile Include="$(SRC_DIR_glpk)\glpios02.c">
      <Filter>Source Files</Filter>
    </ClCompile>
    <ClCompile Include="$(SRC_DIR_glpk)\glpios03.c">
      <Filter>Source Files</Filter>
    </ClCompile>
    <ClCompile Include="$(SRC_DIR_glpk)\glpios04.c">
      <Filter>Source Files</Filter>
    </ClCompile>
    <ClCompile Include="$(SRC_DIR_glpk)\glpios05.c">
      <Filter>Source Files</Filter>
    </ClCompile>
    <ClCompile Include="$(SRC_DIR_glpk)\glpios06.c">
      <Filter>Source Files</Filter>
    </ClCompile>
    <ClCompile Include="$(SRC_DIR_glpk)\glpios07.c">
      <Filter>Source Files</Filter>
    </ClCompile>
    <ClCompile Include="$(SRC_DIR_glpk)\glpios08.c">
      <Filter>Source Files</Filter>
    </ClCompile>
    <ClCompile Include="$(SRC_DIR_glpk)\glpios09.c">
      <Filter>Source Files</Filter>
    </ClCompile>
    <ClCompile Include="$(SRC_DIR_glpk)\glpios10.c">
      <Filter>Source Files</Filter>
    </ClCompile>
    <ClCompile Include="$(SRC_DIR_glpk)\glpios11.c">
      <Filter>Source Files</Filter>
    </ClCompile>
    <ClCompile Include="$(SRC_DIR_glpk)\glpios12.c">
      <Filter>Source Files</Filter>
    </ClCompile>
    <ClCompile Include="$(SRC_DIR_glpk)\glpipm.c">
      <Filter>Source Files</Filter>
    </ClCompile>
    <ClCompile Include="$(SRC_DIR_glpk)\glplpf.c">
      <Filter>Source Files</Filter>
    </ClCompile>
    <ClCompile Include="$(SRC_DIR_glpk)\glpmat.c">
      <Filter>Source Files</Filter>
    </ClCompile>
    <ClCompile Include="$(SRC_DIR_glpk)\glpmpl01.c">
      <Filter>Source Files</Filter>
    </ClCompile>
    <ClCompile Include="$(SRC_DIR_glpk)\glpmpl02.c">
      <Filter>Source Files</Filter>
    </ClCompile>
    <ClCompile Include="$(SRC_DIR_glpk)\glpmpl03.c">
      <Filter>Source Files</Filter>
    </ClCompile>
    <ClCompile Include="$(SRC_DIR_glpk)\glpmpl04.c">
      <Filter>Source Files</Filter>
    </ClCompile>
    <ClCompile Include="$(SRC_DIR_glpk)\glpmpl05.c">
      <Filter>Source Files</Filter>
    </ClCompile>
    <ClCompile Include="$(SRC_DIR_glpk)\glpmpl06.c">
      <Filter>Source Files</Filter>
    </ClCompile>
    <ClCompile Include="$(SRC_DIR_glpk)\glpmps.c">
      <Filter>Source Files</Filter>
    </ClCompile>
    <ClCompile Include="$(SRC_DIR_glpk)\glpnet03.c">
      <Filter>Source Files</Filter>
    </ClCompile>
    <ClCompile Include="$(SRC_DIR_glpk)\glpnet04.c">
      <Filter>Source Files</Filter>
    </ClCompile>
    <ClCompile Include="$(SRC_DIR_glpk)\glpnet05.c">
      <Filter>Source Files</Filter>
    </ClCompile>
    <ClCompile Include="$(SRC_DIR_glpk)\glpnpp01.c">
      <Filter>Source Files</Filter>
    </ClCompile>
    <ClCompile Include="$(SRC_DIR_glpk)\glpnpp02.c">
      <Filter>Source Files</Filter>
    </ClCompile>
    <ClCompile Include="$(SRC_DIR_glpk)\glpnpp03.c">
      <Filter>Source Files</Filter>
    </ClCompile>
    <ClCompile Include="$(SRC_DIR_glpk)\glpnpp04.c">
      <Filter>Source Files</Filter>
    </ClCompile>
    <ClCompile Include="$(SRC_DIR_glpk)\glpnpp05.c">
      <Filter>Source Files</Filter>
    </ClCompile>
    <ClCompile Include="$(SRC_DIR_glpk)\glpnpp06.c">
      <Filter>Source Files</Filter>
    </ClCompile>
    <ClCompile Include="$(SRC_DIR_glpk)\glprgr.c">
      <Filter>Source Files</Filter>
    </ClCompile>
    <ClCompile Include="$(SRC_DIR_glpk)\glpscl.c">
      <Filter>Source Files</Filter>
    </ClCompile>
    <ClCompile Include="$(SRC_DIR_glpk)\glpsdf.c">
      <Filter>Source Files</Filter>
    </ClCompile>
    <ClCompile Include="$(SRC_DIR_glpk)\glpspm.c">
      <Filter>Source Files</Filter>
    </ClCompile>
    <ClCompile Include="$(SRC_DIR_glpk)\glpspx01.c">
      <Filter>Source Files</Filter>
    </ClCompile>
    <ClCompile Include="$(SRC_DIR_glpk)\glpspx02.c">
      <Filter>Source Files</Filter>
    </ClCompile>
    <ClCompile Include="$(SRC_DIR_glpk)\glpsql.c">
      <Filter>Source Files</Filter>
    </ClCompile>
    <ClCompile Include="$(SRC_DIR_glpk)\glpssx01.c">
      <Filter>Source Files</Filter>
    </ClCompile>
    <ClCompile Include="$(SRC_DIR_glpk)\glpssx02.c">
      <Filter>Source Files</Filter>
    </ClCompile>
    <ClCompile Include="$(SRC_DIR_glpk)\glptsp.c">
      <Filter>Source Files</Filter>
    </ClCompile>
    <ClCompile Include="$(SRC_DIR_glpk)\lpx.c">
      <Filter>Source Files</Filter>
    </ClCompile>
    <ClCompile Include="$(SRC_DIR_glpk)\lux.c">
      <Filter>Source Files</Filter>
    </ClCompile>
    <ClCompile Include="$(SRC_DIR_glpk)\minisat\minisat.c">
      <Filter>Source Files</Filter>
    </ClCompile>
    <ClCompile Include="$(SRC_DIR_glpk)\misc\bignum.c">
      <Filter>Source Files</Filter>
    </ClCompile>
    <ClCompile Include="$(SRC_DIR_glpk)\misc\dmp.c">
      <Filter>Source Files</Filter>
    </ClCompile>
    <ClCompile Include="$(SRC_DIR_glpk)\misc\ffalg.c">
      <Filter>Source Files</Filter>
    </ClCompile>
    <ClCompile Include="$(SRC_DIR_glpk)\misc\fp2rat.c">
      <Filter>Source Files</Filter>
    </ClCompile>
    <ClCompile Include="$(SRC_DIR_glpk)\misc\gcd.c">
      <Filter>Source Files</Filter>
    </ClCompile>
    <ClCompile Include="$(SRC_DIR_glpk)\misc\jd.c">
      <Filter>Source Files</Filter>
    </ClCompile>
    <ClCompile Include="$(SRC_DIR_glpk)\misc\keller.c">
      <Filter>Source Files</Filter>
    </ClCompile>
    <ClCompile Include="$(SRC_DIR_glpk)\misc\mc13d.c">
      <Filter>Source Files</Filter>
    </ClCompile>
    <ClCompile Include="$(SRC_DIR_glpk)\misc\mc21a.c">
      <Filter>Source Files</Filter>
    </ClCompile>
    <ClCompile Include="$(SRC_DIR_glpk)\misc\okalg.c">
      <Filter>Source Files</Filter>
    </ClCompile>
    <ClCompile Include="$(SRC_DIR_glpk)\misc\qmd.c">
      <Filter>Source Files</Filter>
    </ClCompile>
    <ClCompile Include="$(SRC_DIR_glpk)\misc\relax4.c">
      <Filter>Source Files</Filter>
    </ClCompile>
    <ClCompile Include="$(SRC_DIR_glpk)\misc\rng.c">
      <Filter>Source Files</Filter>
    </ClCompile>
    <ClCompile Include="$(SRC_DIR_glpk)\misc\rng1.c">
      <Filter>Source Files</Filter>
    </ClCompile>
    <ClCompile Include="$(SRC_DIR_glpk)\misc\round2n.c">
      <Filter>Source Files</Filter>
    </ClCompile>
    <ClCompile Include="$(SRC_DIR_glpk)\misc\str2int.c">
      <Filter>Source Files</Filter>
    </ClCompile>
    <ClCompile Include="$(SRC_DIR_glpk)\misc\str2num.c">
      <Filter>Source Files</Filter>
    </ClCompile>
    <ClCompile Include="$(SRC_DIR_glpk)\misc\strspx.c">
      <Filter>Source Files</Filter>
    </ClCompile>
    <ClCompile Include="$(SRC_DIR_glpk)\misc\strtrim.c">
      <Filter>Source Files</Filter>
    </ClCompile>
    <ClCompile Include="$(SRC_DIR_glpk)\misc\triang.c">
      <Filter>Source Files</Filter>
    </ClCompile>
    <ClCompile Include="$(SRC_DIR_glpk)\misc\wclique.c">
      <Filter>Source Files</Filter>
    </ClCompile>
    <ClCompile Include="$(SRC_DIR_glpk)\misc\wclique1.c">
      <Filter>Source Files</Filter>
    </ClCompile>
    <ClCompile Include="$(SRC_DIR_glpk)\proxy\main.c">
      <Filter>Source Files</Filter>
    </ClCompile>
    <ClCompile Include="$(SRC_DIR_glpk)\proxy\proxy.c">
      <Filter>Source Files</Filter>
    </ClCompile>
    <ClCompile Include="$(SRC_DIR_glpk)\proxy\proxy1.c">
      <Filter>Source Files</Filter>
    </ClCompile>
    <ClCompile Include="$(SRC_DIR_glpk)\zlib\adler32.c">
      <Filter>Source Files</Filter>
    </ClCompile>
    <ClCompile Include="$(SRC_DIR_glpk)\zlib\compress.c">
      <Filter>Source Files</Filter>
    </ClCompile>
    <ClCompile Include="$(SRC_DIR_glpk)\zlib\crc32.c">
      <Filter>Source Files</Filter>
    </ClCompile>
    <ClCompile Include="$(SRC_DIR_glpk)\zlib\deflate.c">
      <Filter>Source Files</Filter>
    </ClCompile>
    <ClCompile Include="$(SRC_DIR_glpk)\zlib\gzclose.c">
      <Filter>Source Files</Filter>
    </ClCompile>
    <ClCompile Include="$(SRC_DIR_glpk)\zlib\gzlib.c">
      <Filter>Source Files</Filter>
    </ClCompile>
    <ClCompile Include="$(SRC_DIR_glpk)\zlib\gzread.c">
      <Filter>Source Files</Filter>
    </ClCompile>
    <ClCompile Include="$(SRC_DIR_glpk)\zlib\gzwrite.c">
      <Filter>Source Files</Filter>
    </ClCompile>
    <ClCompile Include="$(SRC_DIR_glpk)\zlib\inffast.c">
      <Filter>Source Files</Filter>
    </ClCompile>
    <ClCompile Include="$(SRC_DIR_glpk)\zlib\inflate.c">
      <Filter>Source Files</Filter>
    </ClCompile>
    <ClCompile Include="$(SRC_DIR_glpk)\zlib\inftrees.c">
      <Filter>Source Files</Filter>
    </ClCompile>
    <ClCompile Include="$(SRC_DIR_glpk)\zlib\trees.c">
      <Filter>Source Files</Filter>
    </ClCompile>
    <ClCompile Include="$(SRC_DIR_glpk)\zlib\uncompr.c">
      <Filter>Source Files</Filter>
    </ClCompile>
    <ClCompile Include="$(SRC_DIR_glpk)\zlib\zio.c">
      <Filter>Source Files</Filter>
    </ClCompile>
    <ClCompile Include="$(SRC_DIR_glpk)\zlib\zutil.c">
      <Filter>Source Files</Filter>
    </ClCompile>
  </ItemGroup>
</Project>